
Microsoft Visual Studio Solution File, Format Version 12.00
# Visual Studio Version 17
VisualStudioVersion = 17.14.36310.24 d17.14
MinimumVisualStudioVersion = 10.0.40219.1
Project("{8BC9CEB8-8B4A-11D0-8D11-00A0C91BC942}") = "mqtt", "mqtt.vcxproj", "{A012758F-CF89-4D77-A103-04E1B18599E1}"
EndProject
Global
	GlobalSection(SolutionConfigurationPlatforms) = preSolution
		Debug|x64 = Debug|x64
		Release|x64 = Release|x64
	EndGlobalSection
	GlobalSection(ProjectConfigurationPlatforms) = postSolution
		{A012758F-CF89-4D77-A103-04E1B18599E1}.Debug|x64.ActiveCfg = Debug|x64
		{A012758F-CF89-4D77-A103-04E1B18599E1}.Debug|x64.Build.0 = Debug|x64
		{A012758F-CF89-4D77-A103-04E1B18599E1}.Release|x64.ActiveCfg = Release|x64
		{A012758F-CF89-4D77-A103-04E1B18599E1}.Release|x64.Build.0 = Release|x64
	EndGlobalSection
	GlobalSection(SolutionProperties) = preSolution
		HideSolutionNode = FALSE
	EndGlobalSection
	GlobalSection(ExtensibilityGlobals) = postSolution
		SolutionGuid = {D61E96A6-70E4-4473-A3ED-142F12988BFC}
	EndGlobalSection
EndGlobal
